
Microsoft Visual Studio Solution File, Format Version 12.00
# Visual Studio Version 17
VisualStudioVersion = 17.2.32505.173
MinimumVisualStudioVersion = 10.0.40219.1
Project("{FAE04EC0-301F-11D3-BF4B-00C04F79EFBC}") = "ITMO.2022.CSharp.WinForms.FINAL_TASK_project", "ITMO.2022.CSharp.WinForms.FINAL_TASK_project\ITMO.2022.CSharp.WinForms.FINAL_TASK_project.csproj", "{C949A248-ECEA-462F-9696-B9877CBE6356}"
EndProject
Global
	GlobalSection(SolutionConfigurationPlatforms) = preSolution
		Debug|Any CPU = Debug|Any CPU
		Release|Any CPU = Release|Any CPU
	EndGlobalSection
	GlobalSection(ProjectConfigurationPlatforms) = postSolution
		{C949A248-ECEA-462F-9696-B9877CBE6356}.Debug|Any CPU.ActiveCfg = Debug|Any CPU
		{C949A248-ECEA-462F-9696-B9877CBE6356}.Debug|Any CPU.Build.0 = Debug|Any CPU
		{C949A248-ECEA-462F-9696-B9877CBE6356}.Release|Any CPU.ActiveCfg = Release|Any CPU
		{C949A248-ECEA-462F-9696-B9877CBE6356}.Release|Any CPU.Build.0 = Release|Any CPU
	EndGlobalSection
	GlobalSection(SolutionProperties) = preSolution
		HideSolutionNode = FALSE
	EndGlobalSection
	GlobalSection(ExtensibilityGlobals) = postSolution
		SolutionGuid = {17D3FF01-8A6C-435D-A189-9FF956D5DDDD}
	EndGlobalSection
EndGlobal
